
Microsoft Visual Studio Solution File, Format Version 12.00
# Visual Studio 14
VisualStudioVersion = 14.0.25420.1
MinimumVisualStudioVersion = 10.0.40219.1
Project("{2150E333-8FDC-42A3-9474-1A3956D46DE8}") = "2. Feature", "2. Feature", "{8889385D-639B-4C81-9A4F-CEC1D6439327}"
EndProject
Project("{2150E333-8FDC-42A3-9474-1A3956D46DE8}") = "AttendeeForm", "AttendeeForm", "{A75092A3-7F35-4CE9-9EE0-B19816044B35}"
EndProject
Project("{2150E333-8FDC-42A3-9474-1A3956D46DE8}") = ".tds", ".tds", "{FF591F0E-02F7-4F51-B063-40691A29EC38}"
	ProjectSection(SolutionItems) = preProject
		TdsGlobal.config = TdsGlobal.config
	EndProjectSection
EndProject
Project("{2150E333-8FDC-42A3-9474-1A3956D46DE8}") = "3. Foundation", "3. Foundation", "{D8E74C91-162C-474D-8A0D-058B4EDAF0DA}"
EndProject
Project("{2150E333-8FDC-42A3-9474-1A3956D46DE8}") = "CollectionModel", "CollectionModel", "{C1746698-DEE5-418E-A638-745DE237131D}"
EndProject
Project("{FAE04EC0-301F-11D3-BF4B-00C04F79EFBC}") = "Recommender.Foundation.CollectionModel", "Foundation\CollectionModel\code\Recommender.Foundation.CollectionModel.csproj", "{293FB099-0716-4692-8E0D-85AC1A7ED6BE}"
EndProject
Project("{CAA73BB0-EF22-4D79-A57E-DF67B3BA9C80}") = "Recommender.Foundation.CollectionModel.Master", "Foundation\CollectionModel\tds\Recommender.Foundation.CollectionModel.Master.scproj", "{105E8A4B-C7F8-4678-A332-212CB908BF55}"
EndProject
Project("{2150E333-8FDC-42A3-9474-1A3956D46DE8}") = "1. Project", "1. Project", "{56AFD56A-134D-45F2-AF0E-7BBC3099DCAE}"
EndProject
Project("{2150E333-8FDC-42A3-9474-1A3956D46DE8}") = "Main", "Main", "{913BCDF3-0341-4502-BCF0-A58BA4DD8BE6}"
EndProject
Project("{CAA73BB0-EF22-4D79-A57E-DF67B3BA9C80}") = "Recommender.Project.Main.Master", "Project\Main\tds\Recommender.Project.Main.Master.scproj", "{7158FDE3-E117-485D-8C89-00ED4D6BF924}"
EndProject
Project("{FAE04EC0-301F-11D3-BF4B-00C04F79EFBC}") = "Recommender.Project.Main", "Project\Main\code\Recommender.Project.Main.csproj", "{63F59A0F-7298-4F50-AAD7-C5EFB9757025}"
EndProject
Project("{FAE04EC0-301F-11D3-BF4B-00C04F79EFBC}") = "ModelExporter", "Foundation\CollectionModel\ModelExporter\ModelExporter.csproj", "{B815A825-73BE-40D0-BD46-BBFEE5EBBDAF}"
EndProject
Project("{2150E333-8FDC-42A3-9474-1A3956D46DE8}") = "AgendaContent", "AgendaContent", "{4446AF98-A733-46BB-B53C-B4BEF3EAE051}"
EndProject
Project("{FAE04EC0-301F-11D3-BF4B-00C04F79EFBC}") = "Recommender.AgendaContent", "Feature\AgendaContent\Code\Recommender.AgendaContent.csproj", "{4F38A95E-6C8C-4DE9-9DC9-FC82F59A58E2}"
EndProject
Project("{2150E333-8FDC-42A3-9474-1A3956D46DE8}") = "TwitterApi", "TwitterApi", "{FD78A638-CF80-4796-B469-A4B840EC2183}"
EndProject
Project("{FAE04EC0-301F-11D3-BF4B-00C04F79EFBC}") = "Recommender.TwitterApi", "Foundation\TwitterApi\Code\Recommender.TwitterApi.csproj", "{2A5681BA-0F55-44EC-BB00-48E00EE54A50}"
EndProject
Project("{CAA73BB0-EF22-4D79-A57E-DF67B3BA9C80}") = "Recommender.AgendaContent.Master", "Feature\AgendaContent\Tds\Recommender.AgendaContent.Master.scproj", "{64006928-785E-4A43-AC51-CCFE8BEE9322}"
EndProject
Project("{FAE04EC0-301F-11D3-BF4B-00C04F79EFBC}") = "Recommender.AttendeeForm", "Feature\AttendeeForm\code\Recommender.AttendeeForm.csproj", "{25F7E739-8BE5-48A5-A59F-C38F38FD626A}"
EndProject
Project("{CAA73BB0-EF22-4D79-A57E-DF67B3BA9C80}") = "Recommender.AttendeeForm.Master", "Feature\AttendeeForm\tds\Recommender.AttendeeForm.Master.scproj", "{216E6035-05AF-4508-B683-3B3D82211DE8}"
EndProject
Project("{2150E333-8FDC-42A3-9474-1A3956D46DE8}") = "Utilities", "Utilities", "{830ACFBC-1E9C-49B6-90DF-AFC01AA9E45B}"
EndProject
Project("{FAE04EC0-301F-11D3-BF4B-00C04F79EFBC}") = "Recommender.Foundation.Utilities", "Foundation\Utilities\code\Recommender.Foundation.Utilities.csproj", "{1F040BF0-9AF7-4974-A285-430419748E45}"
EndProject
Project("{2150E333-8FDC-42A3-9474-1A3956D46DE8}") = "CognitiveServices", "CognitiveServices", "{85ABBAC5-EF84-40CA-A1BF-B240A25976CA}"
EndProject
Project("{FAE04EC0-301F-11D3-BF4B-00C04F79EFBC}") = "Recommender.Foundation.CognitiveServices", "Foundation\CognitiveServices\code\Recommender.Foundation.CognitiveServices.csproj", "{040DCD58-8E50-4CED-85C1-2C178BA76FA9}"
EndProject
Project("{CAA73BB0-EF22-4D79-A57E-DF67B3BA9C80}") = "Recommender.Foundation.CognitiveServices.Master", "Foundation\CognitiveServices\tds\Recommender.Foundation.CognitiveServices.Master.scproj", "{20A898E3-B010-43C7-96D1-CF1ED3632D0A}"
EndProject
Global
	GlobalSection(SolutionConfigurationPlatforms) = preSolution
		Azure|Any CPU = Azure|Any CPU
		Debug|Any CPU = Debug|Any CPU
		Release|Any CPU = Release|Any CPU
		remote|Any CPU = remote|Any CPU
	EndGlobalSection
	GlobalSection(ProjectConfigurationPlatforms) = postSolution
		{293FB099-0716-4692-8E0D-85AC1A7ED6BE}.Azure|Any CPU.ActiveCfg = Azure|Any CPU
		{293FB099-0716-4692-8E0D-85AC1A7ED6BE}.Azure|Any CPU.Build.0 = Azure|Any CPU
		{293FB099-0716-4692-8E0D-85AC1A7ED6BE}.Debug|Any CPU.ActiveCfg = Debug|Any CPU
		{293FB099-0716-4692-8E0D-85AC1A7ED6BE}.Debug|Any CPU.Build.0 = Debug|Any CPU
		{293FB099-0716-4692-8E0D-85AC1A7ED6BE}.Release|Any CPU.ActiveCfg = Release|Any CPU
		{293FB099-0716-4692-8E0D-85AC1A7ED6BE}.Release|Any CPU.Build.0 = Release|Any CPU
		{293FB099-0716-4692-8E0D-85AC1A7ED6BE}.remote|Any CPU.ActiveCfg = remote|Any CPU
		{293FB099-0716-4692-8E0D-85AC1A7ED6BE}.remote|Any CPU.Build.0 = remote|Any CPU
		{105E8A4B-C7F8-4678-A332-212CB908BF55}.Azure|Any CPU.ActiveCfg = Azure|Any CPU
		{105E8A4B-C7F8-4678-A332-212CB908BF55}.Azure|Any CPU.Build.0 = Azure|Any CPU
		{105E8A4B-C7F8-4678-A332-212CB908BF55}.Azure|Any CPU.Deploy.0 = Azure|Any CPU
		{105E8A4B-C7F8-4678-A332-212CB908BF55}.Debug|Any CPU.ActiveCfg = Debug|Any CPU
		{105E8A4B-C7F8-4678-A332-212CB908BF55}.Debug|Any CPU.Build.0 = Debug|Any CPU
		{105E8A4B-C7F8-4678-A332-212CB908BF55}.Debug|Any CPU.Deploy.0 = Debug|Any CPU
		{105E8A4B-C7F8-4678-A332-212CB908BF55}.Release|Any CPU.ActiveCfg = Release|Any CPU
		{105E8A4B-C7F8-4678-A332-212CB908BF55}.Release|Any CPU.Build.0 = Release|Any CPU
		{105E8A4B-C7F8-4678-A332-212CB908BF55}.Release|Any CPU.Deploy.0 = Release|Any CPU
		{105E8A4B-C7F8-4678-A332-212CB908BF55}.remote|Any CPU.ActiveCfg = remote|Any CPU
		{105E8A4B-C7F8-4678-A332-212CB908BF55}.remote|Any CPU.Build.0 = remote|Any CPU
		{105E8A4B-C7F8-4678-A332-212CB908BF55}.remote|Any CPU.Deploy.0 = remote|Any CPU
		{7158FDE3-E117-485D-8C89-00ED4D6BF924}.Azure|Any CPU.ActiveCfg = Azure|Any CPU
		{7158FDE3-E117-485D-8C89-00ED4D6BF924}.Azure|Any CPU.Build.0 = Azure|Any CPU
		{7158FDE3-E117-485D-8C89-00ED4D6BF924}.Azure|Any CPU.Deploy.0 = Azure|Any CPU
		{7158FDE3-E117-485D-8C89-00ED4D6BF924}.Debug|Any CPU.ActiveCfg = Debug|Any CPU
		{7158FDE3-E117-485D-8C89-00ED4D6BF924}.Debug|Any CPU.Build.0 = Debug|Any CPU
		{7158FDE3-E117-485D-8C89-00ED4D6BF924}.Debug|Any CPU.Deploy.0 = Debug|Any CPU
		{7158FDE3-E117-485D-8C89-00ED4D6BF924}.Release|Any CPU.ActiveCfg = Release|Any CPU
		{7158FDE3-E117-485D-8C89-00ED4D6BF924}.Release|Any CPU.Build.0 = Release|Any CPU
		{7158FDE3-E117-485D-8C89-00ED4D6BF924}.Release|Any CPU.Deploy.0 = Release|Any CPU
		{7158FDE3-E117-485D-8C89-00ED4D6BF924}.remote|Any CPU.ActiveCfg = remote|Any CPU
		{7158FDE3-E117-485D-8C89-00ED4D6BF924}.remote|Any CPU.Build.0 = remote|Any CPU
		{7158FDE3-E117-485D-8C89-00ED4D6BF924}.remote|Any CPU.Deploy.0 = remote|Any CPU
		{63F59A0F-7298-4F50-AAD7-C5EFB9757025}.Azure|Any CPU.ActiveCfg = Azure|Any CPU
		{63F59A0F-7298-4F50-AAD7-C5EFB9757025}.Azure|Any CPU.Build.0 = Azure|Any CPU
		{63F59A0F-7298-4F50-AAD7-C5EFB9757025}.Debug|Any CPU.ActiveCfg = Debug|Any CPU
		{63F59A0F-7298-4F50-AAD7-C5EFB9757025}.Debug|Any CPU.Build.0 = Debug|Any CPU
		{63F59A0F-7298-4F50-AAD7-C5EFB9757025}.Release|Any CPU.ActiveCfg = Release|Any CPU
		{63F59A0F-7298-4F50-AAD7-C5EFB9757025}.Release|Any CPU.Build.0 = Release|Any CPU
		{63F59A0F-7298-4F50-AAD7-C5EFB9757025}.remote|Any CPU.ActiveCfg = remote|Any CPU
		{63F59A0F-7298-4F50-AAD7-C5EFB9757025}.remote|Any CPU.Build.0 = remote|Any CPU
		{B815A825-73BE-40D0-BD46-BBFEE5EBBDAF}.Azure|Any CPU.ActiveCfg = Azure|Any CPU
		{B815A825-73BE-40D0-BD46-BBFEE5EBBDAF}.Azure|Any CPU.Build.0 = Azure|Any CPU
		{B815A825-73BE-40D0-BD46-BBFEE5EBBDAF}.Debug|Any CPU.ActiveCfg = Debug|Any CPU
		{B815A825-73BE-40D0-BD46-BBFEE5EBBDAF}.Debug|Any CPU.Build.0 = Debug|Any CPU
		{B815A825-73BE-40D0-BD46-BBFEE5EBBDAF}.Release|Any CPU.ActiveCfg = Release|Any CPU
		{B815A825-73BE-40D0-BD46-BBFEE5EBBDAF}.Release|Any CPU.Build.0 = Release|Any CPU
		{B815A825-73BE-40D0-BD46-BBFEE5EBBDAF}.remote|Any CPU.ActiveCfg = remote|Any CPU
		{B815A825-73BE-40D0-BD46-BBFEE5EBBDAF}.remote|Any CPU.Build.0 = remote|Any CPU
		{4F38A95E-6C8C-4DE9-9DC9-FC82F59A58E2}.Azure|Any CPU.ActiveCfg = Azure|Any CPU
		{4F38A95E-6C8C-4DE9-9DC9-FC82F59A58E2}.Azure|Any CPU.Build.0 = Azure|Any CPU
		{4F38A95E-6C8C-4DE9-9DC9-FC82F59A58E2}.Debug|Any CPU.ActiveCfg = Debug|Any CPU
		{4F38A95E-6C8C-4DE9-9DC9-FC82F59A58E2}.Debug|Any CPU.Build.0 = Debug|Any CPU
		{4F38A95E-6C8C-4DE9-9DC9-FC82F59A58E2}.Release|Any CPU.ActiveCfg = Release|Any CPU
		{4F38A95E-6C8C-4DE9-9DC9-FC82F59A58E2}.Release|Any CPU.Build.0 = Release|Any CPU
		{4F38A95E-6C8C-4DE9-9DC9-FC82F59A58E2}.remote|Any CPU.ActiveCfg = remote|Any CPU
		{4F38A95E-6C8C-4DE9-9DC9-FC82F59A58E2}.remote|Any CPU.Build.0 = remote|Any CPU
		{2A5681BA-0F55-44EC-BB00-48E00EE54A50}.Azure|Any CPU.ActiveCfg = Azure|Any CPU
		{2A5681BA-0F55-44EC-BB00-48E00EE54A50}.Azure|Any CPU.Build.0 = Azure|Any CPU
		{2A5681BA-0F55-44EC-BB00-48E00EE54A50}.Debug|Any CPU.ActiveCfg = Debug|Any CPU
		{2A5681BA-0F55-44EC-BB00-48E00EE54A50}.Debug|Any CPU.Build.0 = Debug|Any CPU
		{2A5681BA-0F55-44EC-BB00-48E00EE54A50}.Release|Any CPU.ActiveCfg = Release|Any CPU
		{2A5681BA-0F55-44EC-BB00-48E00EE54A50}.Release|Any CPU.Build.0 = Release|Any CPU
		{2A5681BA-0F55-44EC-BB00-48E00EE54A50}.remote|Any CPU.ActiveCfg = remote|Any CPU
		{2A5681BA-0F55-44EC-BB00-48E00EE54A50}.remote|Any CPU.Build.0 = remote|Any CPU
		{64006928-785E-4A43-AC51-CCFE8BEE9322}.Azure|Any CPU.ActiveCfg = Azure|Any CPU
		{64006928-785E-4A43-AC51-CCFE8BEE9322}.Azure|Any CPU.Build.0 = Azure|Any CPU
		{64006928-785E-4A43-AC51-CCFE8BEE9322}.Azure|Any CPU.Deploy.0 = Azure|Any CPU
		{64006928-785E-4A43-AC51-CCFE8BEE9322}.Debug|Any CPU.ActiveCfg = Debug|Any CPU
		{64006928-785E-4A43-AC51-CCFE8BEE9322}.Debug|Any CPU.Build.0 = Debug|Any CPU
		{64006928-785E-4A43-AC51-CCFE8BEE9322}.Debug|Any CPU.Deploy.0 = Debug|Any CPU
		{64006928-785E-4A43-AC51-CCFE8BEE9322}.Release|Any CPU.ActiveCfg = Release|Any CPU
		{64006928-785E-4A43-AC51-CCFE8BEE9322}.Release|Any CPU.Build.0 = Release|Any CPU
		{64006928-785E-4A43-AC51-CCFE8BEE9322}.Release|Any CPU.Deploy.0 = Release|Any CPU
		{64006928-785E-4A43-AC51-CCFE8BEE9322}.remote|Any CPU.ActiveCfg = remote|Any CPU
		{64006928-785E-4A43-AC51-CCFE8BEE9322}.remote|Any CPU.Build.0 = remote|Any CPU
		{64006928-785E-4A43-AC51-CCFE8BEE9322}.remote|Any CPU.Deploy.0 = remote|Any CPU
		{25F7E739-8BE5-48A5-A59F-C38F38FD626A}.Azure|Any CPU.ActiveCfg = Azure|Any CPU
		{25F7E739-8BE5-48A5-A59F-C38F38FD626A}.Azure|Any CPU.Build.0 = Azure|Any CPU
		{25F7E739-8BE5-48A5-A59F-C38F38FD626A}.Debug|Any CPU.ActiveCfg = Debug|Any CPU
		{25F7E739-8BE5-48A5-A59F-C38F38FD626A}.Debug|Any CPU.Build.0 = Debug|Any CPU
		{25F7E739-8BE5-48A5-A59F-C38F38FD626A}.Release|Any CPU.ActiveCfg = Release|Any CPU
		{25F7E739-8BE5-48A5-A59F-C38F38FD626A}.Release|Any CPU.Build.0 = Release|Any CPU
		{25F7E739-8BE5-48A5-A59F-C38F38FD626A}.remote|Any CPU.ActiveCfg = remote|Any CPU
		{25F7E739-8BE5-48A5-A59F-C38F38FD626A}.remote|Any CPU.Build.0 = remote|Any CPU
		{216E6035-05AF-4508-B683-3B3D82211DE8}.Azure|Any CPU.ActiveCfg = Azure|Any CPU
		{216E6035-05AF-4508-B683-3B3D82211DE8}.Azure|Any CPU.Build.0 = Azure|Any CPU
		{216E6035-05AF-4508-B683-3B3D82211DE8}.Azure|Any CPU.Deploy.0 = Azure|Any CPU
		{216E6035-05AF-4508-B683-3B3D82211DE8}.Debug|Any CPU.ActiveCfg = Debug|Any CPU
		{216E6035-05AF-4508-B683-3B3D82211DE8}.Debug|Any CPU.Build.0 = Debug|Any CPU
		{216E6035-05AF-4508-B683-3B3D82211DE8}.Debug|Any CPU.Deploy.0 = Debug|Any CPU
		{216E6035-05AF-4508-B683-3B3D82211DE8}.Release|Any CPU.ActiveCfg = Release|Any CPU
		{216E6035-05AF-4508-B683-3B3D82211DE8}.Release|Any CPU.Build.0 = Release|Any CPU
		{216E6035-05AF-4508-B683-3B3D82211DE8}.Release|Any CPU.Deploy.0 = Release|Any CPU
		{216E6035-05AF-4508-B683-3B3D82211DE8}.remote|Any CPU.ActiveCfg = remote|Any CPU
		{216E6035-05AF-4508-B683-3B3D82211DE8}.remote|Any CPU.Build.0 = remote|Any CPU
		{216E6035-05AF-4508-B683-3B3D82211DE8}.remote|Any CPU.Deploy.0 = remote|Any CPU
		{1F040BF0-9AF7-4974-A285-430419748E45}.Azure|Any CPU.ActiveCfg = Azure|Any CPU
		{1F040BF0-9AF7-4974-A285-430419748E45}.Azure|Any CPU.Build.0 = Azure|Any CPU
		{1F040BF0-9AF7-4974-A285-430419748E45}.Debug|Any CPU.ActiveCfg = Debug|Any CPU
		{1F040BF0-9AF7-4974-A285-430419748E45}.Debug|Any CPU.Build.0 = Debug|Any CPU
		{1F040BF0-9AF7-4974-A285-430419748E45}.Release|Any CPU.ActiveCfg = Release|Any CPU
		{1F040BF0-9AF7-4974-A285-430419748E45}.Release|Any CPU.Build.0 = Release|Any CPU
		{1F040BF0-9AF7-4974-A285-430419748E45}.remote|Any CPU.ActiveCfg = remote|Any CPU
		{1F040BF0-9AF7-4974-A285-430419748E45}.remote|Any CPU.Build.0 = remote|Any CPU
		{040DCD58-8E50-4CED-85C1-2C178BA76FA9}.Azure|Any CPU.ActiveCfg = Azure|Any CPU
		{040DCD58-8E50-4CED-85C1-2C178BA76FA9}.Azure|Any CPU.Build.0 = Azure|Any CPU
		{040DCD58-8E50-4CED-85C1-2C178BA76FA9}.Debug|Any CPU.ActiveCfg = Debug|Any CPU
		{040DCD58-8E50-4CED-85C1-2C178BA76FA9}.Debug|Any CPU.Build.0 = Debug|Any CPU
		{040DCD58-8E50-4CED-85C1-2C178BA76FA9}.Release|Any CPU.ActiveCfg = Release|Any CPU
		{040DCD58-8E50-4CED-85C1-2C178BA76FA9}.Release|Any CPU.Build.0 = Release|Any CPU
		{040DCD58-8E50-4CED-85C1-2C178BA76FA9}.remote|Any CPU.ActiveCfg = Release|Any CPU
		{040DCD58-8E50-4CED-85C1-2C178BA76FA9}.remote|Any CPU.Build.0 = Release|Any CPU
		{20A898E3-B010-43C7-96D1-CF1ED3632D0A}.Azure|Any CPU.ActiveCfg = Azure|Any CPU
		{20A898E3-B010-43C7-96D1-CF1ED3632D0A}.Azure|Any CPU.Build.0 = Azure|Any CPU
		{20A898E3-B010-43C7-96D1-CF1ED3632D0A}.Azure|Any CPU.Deploy.0 = Azure|Any CPU
		{20A898E3-B010-43C7-96D1-CF1ED3632D0A}.Debug|Any CPU.ActiveCfg = Debug|Any CPU
		{20A898E3-B010-43C7-96D1-CF1ED3632D0A}.Debug|Any CPU.Build.0 = Debug|Any CPU
		{20A898E3-B010-43C7-96D1-CF1ED3632D0A}.Debug|Any CPU.Deploy.0 = Debug|Any CPU
		{20A898E3-B010-43C7-96D1-CF1ED3632D0A}.Release|Any CPU.ActiveCfg = Release|Any CPU
		{20A898E3-B010-43C7-96D1-CF1ED3632D0A}.Release|Any CPU.Build.0 = Release|Any CPU
		{20A898E3-B010-43C7-96D1-CF1ED3632D0A}.Release|Any CPU.Deploy.0 = Release|Any CPU
		{20A898E3-B010-43C7-96D1-CF1ED3632D0A}.remote|Any CPU.ActiveCfg = remote|Any CPU
		{20A898E3-B010-43C7-96D1-CF1ED3632D0A}.remote|Any CPU.Build.0 = remote|Any CPU
		{20A898E3-B010-43C7-96D1-CF1ED3632D0A}.remote|Any CPU.Deploy.0 = remote|Any CPU
	EndGlobalSection
	GlobalSection(SolutionProperties) = preSolution
		HideSolutionNode = FALSE
	EndGlobalSection
	GlobalSection(NestedProjects) = preSolution
		{A75092A3-7F35-4CE9-9EE0-B19816044B35} = {8889385D-639B-4C81-9A4F-CEC1D6439327}
		{C1746698-DEE5-418E-A638-745DE237131D} = {D8E74C91-162C-474D-8A0D-058B4EDAF0DA}
		{293FB099-0716-4692-8E0D-85AC1A7ED6BE} = {C1746698-DEE5-418E-A638-745DE237131D}
		{105E8A4B-C7F8-4678-A332-212CB908BF55} = {C1746698-DEE5-418E-A638-745DE237131D}
		{913BCDF3-0341-4502-BCF0-A58BA4DD8BE6} = {56AFD56A-134D-45F2-AF0E-7BBC3099DCAE}
		{7158FDE3-E117-485D-8C89-00ED4D6BF924} = {913BCDF3-0341-4502-BCF0-A58BA4DD8BE6}
		{63F59A0F-7298-4F50-AAD7-C5EFB9757025} = {913BCDF3-0341-4502-BCF0-A58BA4DD8BE6}
		{B815A825-73BE-40D0-BD46-BBFEE5EBBDAF} = {C1746698-DEE5-418E-A638-745DE237131D}
		{4446AF98-A733-46BB-B53C-B4BEF3EAE051} = {8889385D-639B-4C81-9A4F-CEC1D6439327}
		{4F38A95E-6C8C-4DE9-9DC9-FC82F59A58E2} = {4446AF98-A733-46BB-B53C-B4BEF3EAE051}
		{FD78A638-CF80-4796-B469-A4B840EC2183} = {D8E74C91-162C-474D-8A0D-058B4EDAF0DA}
		{2A5681BA-0F55-44EC-BB00-48E00EE54A50} = {FD78A638-CF80-4796-B469-A4B840EC2183}
		{64006928-785E-4A43-AC51-CCFE8BEE9322} = {4446AF98-A733-46BB-B53C-B4BEF3EAE051}
		{25F7E739-8BE5-48A5-A59F-C38F38FD626A} = {A75092A3-7F35-4CE9-9EE0-B19816044B35}
		{216E6035-05AF-4508-B683-3B3D82211DE8} = {A75092A3-7F35-4CE9-9EE0-B19816044B35}
		{830ACFBC-1E9C-49B6-90DF-AFC01AA9E45B} = {D8E74C91-162C-474D-8A0D-058B4EDAF0DA}
		{1F040BF0-9AF7-4974-A285-430419748E45} = {830ACFBC-1E9C-49B6-90DF-AFC01AA9E45B}
		{85ABBAC5-EF84-40CA-A1BF-B240A25976CA} = {D8E74C91-162C-474D-8A0D-058B4EDAF0DA}
		{040DCD58-8E50-4CED-85C1-2C178BA76FA9} = {85ABBAC5-EF84-40CA-A1BF-B240A25976CA}
		{20A898E3-B010-43C7-96D1-CF1ED3632D0A} = {85ABBAC5-EF84-40CA-A1BF-B240A25976CA}
	EndGlobalSection
	GlobalSection(ExtensibilityGlobals) = postSolution
		SolutionGuid = {5E8809A7-36D3-48B5-B0B6-6CC2045B6B81}
	EndGlobalSection
EndGlobal
